
Microsoft Visual Studio Solution File, Format Version 12.00
# Visual Studio Version 17
VisualStudioVersion = 17.6.33801.468
MinimumVisualStudioVersion = 10.0.40219.1
Project("{2150E333-8FDC-42A3-9474-1A3956D46DE8}") = "Services", "Services", "{5372C7D9-CA7E-434F-899D-475B0FD92DCC}"
EndProject
Project("{2150E333-8FDC-42A3-9474-1A3956D46DE8}") = "BlogApi", "BlogApi", "{31D4426E-464D-40DA-B9B6-43F8235EDCA0}"
EndProject
Project("{9A19103F-16F7-4668-BE54-9A1E7A4F7556}") = "Blog.Api", "Services\BlogApi\Blog.Api\Blog.Api.csproj", "{61CA887F-7FD4-46BB-BB85-4B0E373792A3}"
EndProject
Project("{2150E333-8FDC-42A3-9474-1A3956D46DE8}") = "UserApi", "UserApi", "{34B7DB09-016A-4E0D-8B77-6ABF7174DF41}"
EndProject
Project("{9A19103F-16F7-4668-BE54-9A1E7A4F7556}") = "User.Api", "Services\UserApi\User.Api\User.Api.csproj", "{86F64DBE-4DF1-4396-82CB-BCFA1EE09EAC}"
EndProject
Project("{2150E333-8FDC-42A3-9474-1A3956D46DE8}") = "src", "src", "{C521F0B5-C743-4D71-A26A-969D2B497D3E}"
EndProject
Project("{9A19103F-16F7-4668-BE54-9A1E7A4F7556}") = "ApiGateway", "src\ApiGateway\ApiGateway.csproj", "{77D5B556-75C9-4620-B54C-3EF5782D8DEE}"
EndProject
Project("{2150E333-8FDC-42A3-9474-1A3956D46DE8}") = "Core", "Core", "{5D6F12E5-386F-4176-A00B-98BB67C1F2F8}"
EndProject
Project("{2150E333-8FDC-42A3-9474-1A3956D46DE8}") = "Infrastructure", "Infrastructure", "{64E6EFE2-6DE0-40F8-AEAD-949EBBBD0C42}"
EndProject
Project("{2150E333-8FDC-42A3-9474-1A3956D46DE8}") = "Presentation", "Presentation", "{47B2A20A-EED1-495E-840F-1DAC831B3478}"
EndProject
Project("{FAE04EC0-301F-11D3-BF4B-00C04F79EFBC}") = "BlogApi.Domain", "Services\BlogApi\Core\BlogApi.Domain\BlogApi.Domain.csproj", "{76894007-76DF-4F08-992C-749027A7B883}"
EndProject
Project("{FAE04EC0-301F-11D3-BF4B-00C04F79EFBC}") = "BlogApi.Application", "Services\BlogApi\Core\BlogApi.Application\BlogApi.Application.csproj", "{0F4D26FF-9D67-4BEB-B754-6CC774FA4070}"
EndProject
Project("{FAE04EC0-301F-11D3-BF4B-00C04F79EFBC}") = "BlogApi.Infrastructure", "Services\BlogApi\Infrastructure\BlogApi.Infrastructure\BlogApi.Infrastructure.csproj", "{939948A2-B79E-4064-B30F-C743C882FA48}"
EndProject
Project("{FAE04EC0-301F-11D3-BF4B-00C04F79EFBC}") = "BlogApi.Persistence", "Services\BlogApi\Infrastructure\BlogApi.Persistence\BlogApi.Persistence.csproj", "{5B02E42E-F00C-42FB-ABEC-A6EB206F4506}"
EndProject
Global
	GlobalSection(SolutionConfigurationPlatforms) = preSolution
		Debug|Any CPU = Debug|Any CPU
		Release|Any CPU = Release|Any CPU
	EndGlobalSection
	GlobalSection(ProjectConfigurationPlatforms) = postSolution
		{61CA887F-7FD4-46BB-BB85-4B0E373792A3}.Debug|Any CPU.ActiveCfg = Debug|Any CPU
		{61CA887F-7FD4-46BB-BB85-4B0E373792A3}.Debug|Any CPU.Build.0 = Debug|Any CPU
		{61CA887F-7FD4-46BB-BB85-4B0E373792A3}.Release|Any CPU.ActiveCfg = Release|Any CPU
		{61CA887F-7FD4-46BB-BB85-4B0E373792A3}.Release|Any CPU.Build.0 = Release|Any CPU
		{86F64DBE-4DF1-4396-82CB-BCFA1EE09EAC}.Debug|Any CPU.ActiveCfg = Debug|Any CPU
		{86F64DBE-4DF1-4396-82CB-BCFA1EE09EAC}.Debug|Any CPU.Build.0 = Debug|Any CPU
		{86F64DBE-4DF1-4396-82CB-BCFA1EE09EAC}.Release|Any CPU.ActiveCfg = Release|Any CPU
		{86F64DBE-4DF1-4396-82CB-BCFA1EE09EAC}.Release|Any CPU.Build.0 = Release|Any CPU
		{77D5B556-75C9-4620-B54C-3EF5782D8DEE}.Debug|Any CPU.ActiveCfg = Debug|Any CPU
		{77D5B556-75C9-4620-B54C-3EF5782D8DEE}.Debug|Any CPU.Build.0 = Debug|Any CPU
		{77D5B556-75C9-4620-B54C-3EF5782D8DEE}.Release|Any CPU.ActiveCfg = Release|Any CPU
		{77D5B556-75C9-4620-B54C-3EF5782D8DEE}.Release|Any CPU.Build.0 = Release|Any CPU
		{76894007-76DF-4F08-992C-749027A7B883}.Debug|Any CPU.ActiveCfg = Debug|Any CPU
		{76894007-76DF-4F08-992C-749027A7B883}.Debug|Any CPU.Build.0 = Debug|Any CPU
		{76894007-76DF-4F08-992C-749027A7B883}.Release|Any CPU.ActiveCfg = Release|Any CPU
		{76894007-76DF-4F08-992C-749027A7B883}.Release|Any CPU.Build.0 = Release|Any CPU
		{0F4D26FF-9D67-4BEB-B754-6CC774FA4070}.Debug|Any CPU.ActiveCfg = Debug|Any CPU
		{0F4D26FF-9D67-4BEB-B754-6CC774FA4070}.Debug|Any CPU.Build.0 = Debug|Any CPU
		{0F4D26FF-9D67-4BEB-B754-6CC774FA4070}.Release|Any CPU.ActiveCfg = Release|Any CPU
		{0F4D26FF-9D67-4BEB-B754-6CC774FA4070}.Release|Any CPU.Build.0 = Release|Any CPU
		{939948A2-B79E-4064-B30F-C743C882FA48}.Debug|Any CPU.ActiveCfg = Debug|Any CPU
		{939948A2-B79E-4064-B30F-C743C882FA48}.Debug|Any CPU.Build.0 = Debug|Any CPU
		{939948A2-B79E-4064-B30F-C743C882FA48}.Release|Any CPU.ActiveCfg = Release|Any CPU
		{939948A2-B79E-4064-B30F-C743C882FA48}.Release|Any CPU.Build.0 = Release|Any CPU
		{5B02E42E-F00C-42FB-ABEC-A6EB206F4506}.Debug|Any CPU.ActiveCfg = Debug|Any CPU
		{5B02E42E-F00C-42FB-ABEC-A6EB206F4506}.Debug|Any CPU.Build.0 = Debug|Any CPU
		{5B02E42E-F00C-42FB-ABEC-A6EB206F4506}.Release|Any CPU.ActiveCfg = Release|Any CPU
		{5B02E42E-F00C-42FB-ABEC-A6EB206F4506}.Release|Any CPU.Build.0 = Release|Any CPU
	EndGlobalSection
	GlobalSection(SolutionProperties) = preSolution
		HideSolutionNode = FALSE
	EndGlobalSection
	GlobalSection(NestedProjects) = preSolution
		{31D4426E-464D-40DA-B9B6-43F8235EDCA0} = {5372C7D9-CA7E-434F-899D-475B0FD92DCC}
		{61CA887F-7FD4-46BB-BB85-4B0E373792A3} = {47B2A20A-EED1-495E-840F-1DAC831B3478}
		{34B7DB09-016A-4E0D-8B77-6ABF7174DF41} = {5372C7D9-CA7E-434F-899D-475B0FD92DCC}
		{86F64DBE-4DF1-4396-82CB-BCFA1EE09EAC} = {34B7DB09-016A-4E0D-8B77-6ABF7174DF41}
		{77D5B556-75C9-4620-B54C-3EF5782D8DEE} = {C521F0B5-C743-4D71-A26A-969D2B497D3E}
		{5D6F12E5-386F-4176-A00B-98BB67C1F2F8} = {31D4426E-464D-40DA-B9B6-43F8235EDCA0}
		{64E6EFE2-6DE0-40F8-AEAD-949EBBBD0C42} = {31D4426E-464D-40DA-B9B6-43F8235EDCA0}
		{47B2A20A-EED1-495E-840F-1DAC831B3478} = {31D4426E-464D-40DA-B9B6-43F8235EDCA0}
		{76894007-76DF-4F08-992C-749027A7B883} = {5D6F12E5-386F-4176-A00B-98BB67C1F2F8}
		{0F4D26FF-9D67-4BEB-B754-6CC774FA4070} = {5D6F12E5-386F-4176-A00B-98BB67C1F2F8}
		{939948A2-B79E-4064-B30F-C743C882FA48} = {64E6EFE2-6DE0-40F8-AEAD-949EBBBD0C42}
		{5B02E42E-F00C-42FB-ABEC-A6EB206F4506} = {64E6EFE2-6DE0-40F8-AEAD-949EBBBD0C42}
	EndGlobalSection
	GlobalSection(ExtensibilityGlobals) = postSolution
		SolutionGuid = {A22190EC-4115-4BD8-8EF0-2E13A748F8EB}
	EndGlobalSection
EndGlobal
